
Microsoft Visual Studio Solution File, Format Version 12.00
Project("{FAE04EC0-301F-11D3-BF4B-00C04F79EFBC}") = "AustrianAssessment", "AustrianAssessment\AustrianAssessment.csproj", "{E721EB43-A7D3-4777-ACE0-435678716E1C}"
EndProject
Global
	GlobalSection(SolutionConfigurationPlatforms) = preSolution
		Debug|Any CPU = Debug|Any CPU
		Release|Any CPU = Release|Any CPU
	EndGlobalSection
	GlobalSection(ProjectConfigurationPlatforms) = postSolution
		{E721EB43-A7D3-4777-ACE0-435678716E1C}.Debug|Any CPU.ActiveCfg = Debug|Any CPU
		{E721EB43-A7D3-4777-ACE0-435678716E1C}.Debug|Any CPU.Build.0 = Debug|Any CPU
		{E721EB43-A7D3-4777-ACE0-435678716E1C}.Release|Any CPU.ActiveCfg = Release|Any CPU
		{E721EB43-A7D3-4777-ACE0-435678716E1C}.Release|Any CPU.Build.0 = Release|Any CPU
	EndGlobalSection
EndGlobal
